
Microsoft Visual Studio Solution File, Format Version 12.00
# Visual Studio Version 16
VisualStudioVersion = 16.0.31829.152
MinimumVisualStudioVersion = 10.0.40219.1
Project("{FAE04EC0-301F-11D3-BF4B-00C04F79EFBC}") = "11 uravnenie", "11 uravnenie\11 uravnenie.csproj", "{0CA688C8-DD1A-4E56-9A33-C6678946B7E3}"
EndProject
Global
	GlobalSection(SolutionConfigurationPlatforms) = preSolution
		Debug|Any CPU = Debug|Any CPU
		Release|Any CPU = Release|Any CPU
	EndGlobalSection
	GlobalSection(ProjectConfigurationPlatforms) = postSolution
		{0CA688C8-DD1A-4E56-9A33-C6678946B7E3}.Debug|Any CPU.ActiveCfg = Debug|Any CPU
		{0CA688C8-DD1A-4E56-9A33-C6678946B7E3}.Debug|Any CPU.Build.0 = Debug|Any CPU
		{0CA688C8-DD1A-4E56-9A33-C6678946B7E3}.Release|Any CPU.ActiveCfg = Release|Any CPU
		{0CA688C8-DD1A-4E56-9A33-C6678946B7E3}.Release|Any CPU.Build.0 = Release|Any CPU
	EndGlobalSection
	GlobalSection(SolutionProperties) = preSolution
		HideSolutionNode = FALSE
	EndGlobalSection
	GlobalSection(ExtensibilityGlobals) = postSolution
		SolutionGuid = {EC683BAB-A8CE-47A7-87BF-97D111775E3C}
	EndGlobalSection
EndGlobal
